
Microsoft Visual Studio Solution File, Format Version 12.00
# Visual Studio Version 16
VisualStudioVersion = 16.0.30523.141
MinimumVisualStudioVersion = 10.0.40219.1
Project("{FAE04EC0-301F-11D3-BF4B-00C04F79EFBC}") = "Rad_Alexandra_Laborator5", "Rad_Alexandra_Laborator5.csproj", "{3141AD6C-FF3E-44BF-B297-C12654D93888}"
EndProject
Global
	GlobalSection(SolutionConfigurationPlatforms) = preSolution
		Debug|Any CPU = Debug|Any CPU
		Release|Any CPU = Release|Any CPU
	EndGlobalSection
	GlobalSection(ProjectConfigurationPlatforms) = postSolution
		{3141AD6C-FF3E-44BF-B297-C12654D93888}.Debug|Any CPU.ActiveCfg = Debug|Any CPU
		{3141AD6C-FF3E-44BF-B297-C12654D93888}.Debug|Any CPU.Build.0 = Debug|Any CPU
		{3141AD6C-FF3E-44BF-B297-C12654D93888}.Release|Any CPU.ActiveCfg = Release|Any CPU
		{3141AD6C-FF3E-44BF-B297-C12654D93888}.Release|Any CPU.Build.0 = Release|Any CPU
	EndGlobalSection
	GlobalSection(SolutionProperties) = preSolution
		HideSolutionNode = FALSE
	EndGlobalSection
	GlobalSection(ExtensibilityGlobals) = postSolution
		SolutionGuid = {68D36FE7-2BED-4B6B-A677-A456EBF1BED4}
	EndGlobalSection
EndGlobal
